<?xml version="1.0" encoding="utf-8"?>
<Project ToolsVersion="4.0" xmlns="http://schemas.microsoft.com/developer/msbuild/2003">
  <ItemGroup>
    <ClCompile Include="main.cpp" />
    <ClCompile Include="window.cpp" />
    <ClCompile Include="renderer.cpp" />
    <ClCompile Include="pch.cpp" />
    <ClCompile Include="geometry_helper.cpp" />
    <ClCompile Include="texture.cpp" />
    <ClCompile Include="object.cpp" />
    <ClCompile Include="transform.cpp" />
    <ClCompile Include="pipeline.cpp">
      <Filter>pipeline</Filter>
    </ClCompile>
    <ClCompile Include="simple_pipeline.cpp">
      <Filter>pipeline</Filter>
    </ClCompile>
    <ClCompile Include="resource_manager.cpp">
      <Filter>manager</Filter>
    </ClCompile>
    <ClCompile Include="plane.cpp" />
  </ItemGroup>
  <ItemGroup>
    <ClInclude Include="window.h" />
    <ClInclude Include="renderer.h" />
    <ClInclude Include="pch.h" />
    <ClInclude Include="geometry_helper.h" />
    <ClInclude Include="texture.h" />
    <ClInclude Include="object.h" />
    <ClInclude Include="transform.h" />
    <ClInclude Include="pipeline.h">
      <Filter>pipeline</Filter>
    </ClInclude>
    <ClInclude Include="simple_pipeline.h">
      <Filter>pipeline</Filter>
    </ClInclude>
    <ClInclude Include="resource_manager.h">
      <Filter>manager</Filter>
    </ClInclude>
    <ClInclude Include="plane.h" />
  </ItemGroup>
  <ItemGroup>
    <None Include="README.md" />
  </ItemGroup>
  <ItemGroup>
    <Filter Include="pipeline">
      <UniqueIdentifier>{2dcaf360-793b-48fb-9d07-ccdbea7c2921}</UniqueIdentifier>
    </Filter>
    <Filter Include="manager">
      <UniqueIdentifier>{6f01c830-1cbc-403d-b959-086f4ff7a71f}</UniqueIdentifier>
    </Filter>
  </ItemGroup>
</Project>